
Microsoft Visual Studio Solution File, Format Version 12.00
# Visual Studio 2013
VisualStudioVersion = 12.0.31101.0
MinimumVisualStudioVersion = 10.0.40219.1
Project("{FAE04EC0-301F-11D3-BF4B-00C04F79EFBC}") = "DrunkenSoftUniWarrior", "DrunkenSoftUniWarrior\DrunkenSoftUniWarrior\DrunkenSoftUniWarrior.csproj", "{8B7D323A-D62A-4A00-ACA5-2ECD973491FC}"
EndProject
Project("{96E2B04D-8817-42C6-938A-82C39BA4D311}") = "DrunkenSoftUniWarriorContent", "DrunkenSoftUniWarrior\DrunkenSoftUniWarriorContent\DrunkenSoftUniWarriorContent.contentproj", "{DD449905-BA70-49EC-8E26-9B27133789C7}"
EndProject
Global
	GlobalSection(SolutionConfigurationPlatforms) = preSolution
		Debug|x86 = Debug|x86
		Release|x86 = Release|x86
	EndGlobalSection
	GlobalSection(ProjectConfigurationPlatforms) = postSolution
		{8B7D323A-D62A-4A00-ACA5-2ECD973491FC}.Debug|x86.ActiveCfg = Debug|x86
		{8B7D323A-D62A-4A00-ACA5-2ECD973491FC}.Debug|x86.Build.0 = Debug|x86
		{8B7D323A-D62A-4A00-ACA5-2ECD973491FC}.Release|x86.ActiveCfg = Release|x86
		{8B7D323A-D62A-4A00-ACA5-2ECD973491FC}.Release|x86.Build.0 = Release|x86
		{DD449905-BA70-49EC-8E26-9B27133789C7}.Debug|x86.ActiveCfg = Debug|x86
		{DD449905-BA70-49EC-8E26-9B27133789C7}.Release|x86.ActiveCfg = Release|x86
	EndGlobalSection
	GlobalSection(SolutionProperties) = preSolution
		HideSolutionNode = FALSE
	EndGlobalSection
EndGlobal
